// !$*UTF8*$!
{
	archiveVersion = 1;
	classes = {
	};
	objectVersion = 45;
	objects = {

/* Begin PBXBuildFile section */
		2FED10FF68B35F250E031A5A /* Rtt_CPUResource.cpp in Sources */ = {isa = PBXBuildFile; fileRef = 31027EC778500D6E58A61ED6 /* Rtt_CPUResource.cpp */; };
		50FD3C627569756E2C966325 /* Rtt_CommandBuffer.cpp in Sources */ = {isa = PBXBuildFile; fileRef = 76223EEC7D4619B978D92C50 /* Rtt_CommandBuffer.cpp */; };
		4EF7566C59B266DC00AA4D78 /* Rtt_FrameBufferObject.cpp in Sources */ = {isa = PBXBuildFile; fileRef = 700F0C6E125A7E1667570E60 /* Rtt_FrameBufferObject.cpp */; };
		2BC10D6246F70987346905BE /* Rtt_GL.cpp in Sources */ = {isa = PBXBuildFile; fileRef = 353B48D73B8F3C4C4A9E6F02 /* Rtt_GL.cpp */; };
		1B7F48A15DD8393E2716386E /* Rtt_GLCommandBuffer.cpp in Sources */ = {isa = PBXBuildFile; fileRef = 380B0DFA523C7E0F2B1B2B3E /* Rtt_GLCommandBuffer.cpp */; };
		230E16EE674C54DE77630E79 /* Rtt_GLFrameBufferObject.cpp in Sources */ = {isa = PBXBuildFile; fileRef = 0F80555B50375FDC6A340171 /* Rtt_GLFrameBufferObject.cpp */; };
		52197AF4498A37BF14FC4804 /* Rtt_GLGeometry.cpp in Sources */ = {isa = PBXBuildFile; fileRef = 7C2B1A9D67D4144776A971E8 /* Rtt_GLGeometry.cpp */; };
		49577E5A029C5B7F05667AA0 /* Rtt_GLProgram.cpp in Sources */ = {isa = PBXBuildFile; fileRef = 6C1373C05F1857B149151CE6 /* Rtt_GLProgram.cpp */; };
		677964105C0578C03C691A8B /* Rtt_GLRenderer.cpp in Sources */ = {isa = PBXBuildFile; fileRef = 537D464E60731F2E31AD0EA2 /* Rtt_GLRenderer.cpp */; };
		4EE32A4554323600714322E2 /* Rtt_GLTexture.cpp in Sources */ = {isa = PBXBuildFile; fileRef = 61DE4A53126763D13BEA2BB2 /* Rtt_GLTexture.cpp */; };
		6D9712D624656E3316C779C8 /* Rtt_GPUResource.cpp in Sources */ = {isa = PBXBuildFile; fileRef = 26040A7479135C5A239F4C89 /* Rtt_GPUResource.cpp */; };
		1D7101570AB3210246F659B2 /* Rtt_Geometry_Renderer.cpp in Sources */ = {isa = PBXBuildFile; fileRef = 4DA326FA7E566A4C4CD20C1A /* Rtt_Geometry_Renderer.cpp */; };
		4B38536A0B84436814800EF0 /* Rtt_GeometryPool.cpp in Sources */ = {isa = PBXBuildFile; fileRef = 4ACF68465C58537546570697 /* Rtt_GeometryPool.cpp */; };
		32E833EE78195EE323BC37E6 /* Rtt_HighPrecisionTime.cpp in Sources */ = {isa = PBXBuildFile; fileRef = 0D8F4CC8663543C816CE5FFC /* Rtt_HighPrecisionTime.cpp */; };
		639A2A515B2F03913F837279 /* Rtt_Matrix_Renderer.cpp in Sources */ = {isa = PBXBuildFile; fileRef = 13DF260C73D95A7C294F202A /* Rtt_Matrix_Renderer.cpp */; };
		0B214A2C3106025F4B884FC7 /* Rtt_Program.cpp in Sources */ = {isa = PBXBuildFile; fileRef = 20DB306E19DF1CC500244E77 /* Rtt_Program.cpp */; };
		1BCC7735627860C4787F1698 /* Rtt_ProgramFactory.cpp in Sources */ = {isa = PBXBuildFile; fileRef = 79786EE06B0B555E16202D5A /* Rtt_ProgramFactory.cpp */; };
		3A635A7D6EF87F4B27183E0F /* Rtt_RenderData.cpp in Sources */ = {isa = PBXBuildFile; fileRef = 56A4428C1F0707E2341C4164 /* Rtt_RenderData.cpp */; };
		755B444B49A04F93679258C7 /* Rtt_RenderTypes.cpp in Sources */ = {isa = PBXBuildFile; fileRef = 1F282FBE173A6DD368C11202 /* Rtt_RenderTypes.cpp */; };
		61930B8F7B006F657DEE3E44 /* Rtt_Renderer.cpp in Sources */ = {isa = PBXBuildFile; fileRef = 06DB4B582F471283124733FB /* Rtt_Renderer.cpp */; };
		2E7D21184ED87606352C041D /* Rtt_Texture.cpp in Sources */ = {isa = PBXBuildFile; fileRef = 3E3122903AA75A09364E46DE /* Rtt_Texture.cpp */; };
		6CE479AC20B621D07B0E59F8 /* Rtt_TextureBitmap.cpp in Sources */ = {isa = PBXBuildFile; fileRef = 7C30622919093440768954CB /* Rtt_TextureBitmap.cpp */; };
		5601653468540DBB27A14D47 /* Rtt_TextureVolatile.cpp in Sources */ = {isa = PBXBuildFile; fileRef = 71DB649A70E433BD72E54809 /* Rtt_TextureVolatile.cpp */; };
		2C3214C73B3F2ECF2465246E /* Rtt_Uniform.cpp in Sources */ = {isa = PBXBuildFile; fileRef = 0AC86CF621D962FF5B20371E /* Rtt_Uniform.cpp */; };
		0BCE110E3ECB2B87679E5941 /* Rtt_VideoTexture.cpp in Sources */ = {isa = PBXBuildFile; fileRef = 7A2E01C62B25361346D83D20 /* Rtt_VideoTexture.cpp */; };
/* End PBXBuildFile section */

/* Begin PBXFileReference section */
		31027EC778500D6E58A61ED6 /* Rtt_CPUResource.cpp */ = {isa = PBXFileReference; lastKnownFileType = sourcecode.cpp.cpp; name = "Rtt_CPUResource.cpp"; path = "../../librtt/Renderer/Rtt_CPUResource.cpp"; sourceTree = "<group>"; };
		376B7A3937635DF0792C5316 /* Rtt_CPUResource.h */ = {isa = PBXFileReference; lastKnownFileType = sourcecode.c.h; name = "Rtt_CPUResource.h"; path = "../../librtt/Renderer/Rtt_CPUResource.h"; sourceTree = "<group>"; };
		76223EEC7D4619B978D92C50 /* Rtt_CommandBuffer.cpp */ = {isa = PBXFileReference; lastKnownFileType = sourcecode.cpp.cpp; name = "Rtt_CommandBuffer.cpp"; path = "../../librtt/Renderer/Rtt_CommandBuffer.cpp"; sourceTree = "<group>"; };
		291F66EE409A455770DE2B03 /* Rtt_CommandBuffer.h */ = {isa = PBXFileReference; lastKnownFileType = sourcecode.c.h; name = "Rtt_CommandBuffer.h"; path = "../../librtt/Renderer/Rtt_CommandBuffer.h"; sourceTree = "<group>"; };
		700F0C6E125A7E1667570E60 /* Rtt_FrameBufferObject.cpp */ = {isa = PBXFileReference; lastKnownFileType = sourcecode.cpp.cpp; name = "Rtt_FrameBufferObject.cpp"; path = "../../librtt/Renderer/Rtt_FrameBufferObject.cpp"; sourceTree = "<group>"; };
		207D7D4D543A68702A2048D5 /* Rtt_FrameBufferObject.h */ = {isa = PBXFileReference; lastKnownFileType = sourcecode.c.h; name = "Rtt_FrameBufferObject.h"; path = "../../librtt/Renderer/Rtt_FrameBufferObject.h"; sourceTree = "<group>"; };
		353B48D73B8F3C4C4A9E6F02 /* Rtt_GL.cpp */ = {isa = PBXFileReference; lastKnownFileType = sourcecode.cpp.cpp; name = "Rtt_GL.cpp"; path = "../../librtt/Renderer/Rtt_GL.cpp"; sourceTree = "<group>"; };
		19FD4B082C532E25022B6E01 /* Rtt_GL.h */ = {isa = PBXFileReference; lastKnownFileType = sourcecode.c.h; name = "Rtt_GL.h"; path = "../../librtt/Renderer/Rtt_GL.h"; sourceTree = "<group>"; };
		380B0DFA523C7E0F2B1B2B3E /* Rtt_GLCommandBuffer.cpp */ = {isa = PBXFileReference; lastKnownFileType = sourcecode.cpp.cpp; name = "Rtt_GLCommandBuffer.cpp"; path = "../../librtt/Renderer/Rtt_GLCommandBuffer.cpp"; sourceTree = "<group>"; };
		545E0B384A261C85735B5EA6 /* Rtt_GLCommandBuffer.h */ = {isa = PBXFileReference; lastKnownFileType = sourcecode.c.h; name = "Rtt_GLCommandBuffer.h"; path = "../../librtt/Renderer/Rtt_GLCommandBuffer.h"; sourceTree = "<group>"; };
		0F80555B50375FDC6A340171 /* Rtt_GLFrameBufferObject.cpp */ = {isa = PBXFileReference; lastKnownFileType = sourcecode.cpp.cpp; name = "Rtt_GLFrameBufferObject.cpp"; path = "../../librtt/Renderer/Rtt_GLFrameBufferObject.cpp"; sourceTree = "<group>"; };
		6A813EF8417972DC65EC7990 /* Rtt_GLFrameBufferObject.h */ = {isa = PBXFileReference; lastKnownFileType = sourcecode.c.h; name = "Rtt_GLFrameBufferObject.h"; path = "../../librtt/Renderer/Rtt_GLFrameBufferObject.h"; sourceTree = "<group>"; };
		7C2B1A9D67D4144776A971E8 /* Rtt_GLGeometry.cpp */ = {isa = PBXFileReference; lastKnownFileType = sourcecode.cpp.cpp; name = "Rtt_GLGeometry.cpp"; path = "../../librtt/Renderer/Rtt_GLGeometry.cpp"; sourceTree = "<group>"; };
		009B72BA292E229503D7244F /* Rtt_GLGeometry.h */ = {isa = PBXFileReference; lastKnownFileType = sourcecode.c.h; name = "Rtt_GLGeometry.h"; path = "../../librtt/Renderer/Rtt_GLGeometry.h"; sourceTree = "<group>"; };
		6C1373C05F1857B149151CE6 /* Rtt_GLProgram.cpp */ = {isa = PBXFileReference; lastKnownFileType = sourcecode.cpp.cpp; name = "Rtt_GLProgram.cpp"; path = "../../librtt/Renderer/Rtt_GLProgram.cpp"; sourceTree = "<group>"; };
		5F0176F5000434002C317358 /* Rtt_GLProgram.h */ = {isa = PBXFileReference; lastKnownFileType = sourcecode.c.h; name = "Rtt_GLProgram.h"; path = "../../librtt/Renderer/Rtt_GLProgram.h"; sourceTree = "<group>"; };
		537D464E60731F2E31AD0EA2 /* Rtt_GLRenderer.cpp */ = {isa = PBXFileReference; lastKnownFileType = sourcecode.cpp.cpp; name = "Rtt_GLRenderer.cpp"; path = "../../librtt/Renderer/Rtt_GLRenderer.cpp"; sourceTree = "<group>"; };
		47F11FA86F391AC5171F338C /* Rtt_GLRenderer.h */ = {isa = PBXFileReference; lastKnownFileType = sourcecode.c.h; name = "Rtt_GLRenderer.h"; path = "../../librtt/Renderer/Rtt_GLRenderer.h"; sourceTree = "<group>"; };
		61DE4A53126763D13BEA2BB2 /* Rtt_GLTexture.cpp */ = {isa = PBXFileReference; lastKnownFileType = sourcecode.cpp.cpp; name = "Rtt_GLTexture.cpp"; path = "../../librtt/Renderer/Rtt_GLTexture.cpp"; sourceTree = "<group>"; };
		2C1721CD1E8D64F73A432FAD /* Rtt_GLTexture.h */ = {isa = PBXFileReference; lastKnownFileType = sourcecode.c.h; name = "Rtt_GLTexture.h"; path = "../../librtt/Renderer/Rtt_GLTexture.h"; sourceTree = "<group>"; };
		26040A7479135C5A239F4C89 /* Rtt_GPUResource.cpp */ = {isa = PBXFileReference; lastKnownFileType = sourcecode.cpp.cpp; name = "Rtt_GPUResource.cpp"; path = "../../librtt/Renderer/Rtt_GPUResource.cpp"; sourceTree = "<group>"; };
		39FC536F2755722D7C4454AD /* Rtt_GPUResource.h */ = {isa = PBXFileReference; lastKnownFileType = sourcecode.c.h; name = "Rtt_GPUResource.h"; path = "../../librtt/Renderer/Rtt_GPUResource.h"; sourceTree = "<group>"; };
		4DA326FA7E566A4C4CD20C1A /* Rtt_Geometry_Renderer.cpp */ = {isa = PBXFileReference; lastKnownFileType = sourcecode.cpp.cpp; name = "Rtt_Geometry_Renderer.cpp"; path = "../../librtt/Renderer/Rtt_Geometry_Renderer.cpp"; sourceTree = "<group>"; };
		5F20337349CC02113DD5097E /* Rtt_Geometry_Renderer.h */ = {isa = PBXFileReference; lastKnownFileType = sourcecode.c.h; name = "Rtt_Geometry_Renderer.h"; path = "../../librtt/Renderer/Rtt_Geometry_Renderer.h"; sourceTree = "<group>"; };
		4ACF68465C58537546570697 /* Rtt_GeometryPool.cpp */ = {isa = PBXFileReference; lastKnownFileType = sourcecode.cpp.cpp; name = "Rtt_GeometryPool.cpp"; path = "../../librtt/Renderer/Rtt_GeometryPool.cpp"; sourceTree = "<group>"; };
		5C712908515D50C20C7C391A /* Rtt_GeometryPool.h */ = {isa = PBXFileReference; lastKnownFileType = sourcecode.c.h; name = "Rtt_GeometryPool.h"; path = "../../librtt/Renderer/Rtt_GeometryPool.h"; sourceTree = "<group>"; };
		0D8F4CC8663543C816CE5FFC /* Rtt_HighPrecisionTime.cpp */ = {isa = PBXFileReference; lastKnownFileType = sourcecode.cpp.cpp; name = "Rtt_HighPrecisionTime.cpp"; path = "../../librtt/Renderer/Rtt_HighPrecisionTime.cpp"; sourceTree = "<group>"; };
		6C2307AE5213708B59A8277E /* Rtt_HighPrecisionTime.h */ = {isa = PBXFileReference; lastKnownFileType = sourcecode.c.h; name = "Rtt_HighPrecisionTime.h"; path = "../../librtt/Renderer/Rtt_HighPrecisionTime.h"; sourceTree = "<group>"; };
		47EB1ED32EA974EA685766C7 /* Rtt_MCPUResourceObserver.h */ = {isa = PBXFileReference; lastKnownFileType = sourcecode.c.h; name = "Rtt_MCPUResourceObserver.h"; path = "../../librtt/Renderer/Rtt_MCPUResourceObserver.h"; sourceTree = "<group>"; };
		13DF260C73D95A7C294F202A /* Rtt_Matrix_Renderer.cpp */ = {isa = PBXFileReference; lastKnownFileType = sourcecode.cpp.cpp; name = "Rtt_Matrix_Renderer.cpp"; path = "../../librtt/Renderer/Rtt_Matrix_Renderer.cpp"; sourceTree = "<group>"; };
		0910300054695BBE2C0E6899 /* Rtt_Matrix_Renderer.h */ = {isa = PBXFileReference; lastKnownFileType = sourcecode.c.h; name = "Rtt_Matrix_Renderer.h"; path = "../../librtt/Renderer/Rtt_Matrix_Renderer.h"; sourceTree = "<group>"; };
		20DB306E19DF1CC500244E77 /* Rtt_Program.cpp */ = {isa = PBXFileReference; lastKnownFileType = sourcecode.cpp.cpp; name = "Rtt_Program.cpp"; path = "../../librtt/Renderer/Rtt_Program.cpp"; sourceTree = "<group>"; };
		4F2D23ED5A6872FA31E416FB /* Rtt_Program.h */ = {isa = PBXFileReference; lastKnownFileType = sourcecode.c.h; name = "Rtt_Program.h"; path = "../../librtt/Renderer/Rtt_Program.h"; sourceTree = "<group>"; };
		79786EE06B0B555E16202D5A /* Rtt_ProgramFactory.cpp */ = {isa = PBXFileReference; lastKnownFileType = sourcecode.cpp.cpp; name = "Rtt_ProgramFactory.cpp"; path = "../../librtt/Renderer/Rtt_ProgramFactory.cpp"; sourceTree = "<group>"; };
		5D850553405131F9033C7B54 /* Rtt_ProgramFactory.h */ = {isa = PBXFileReference; lastKnownFileType = sourcecode.c.h; name = "Rtt_ProgramFactory.h"; path = "../../librtt/Renderer/Rtt_ProgramFactory.h"; sourceTree = "<group>"; };
		56A4428C1F0707E2341C4164 /* Rtt_RenderData.cpp */ = {isa = PBXFileReference; lastKnownFileType = sourcecode.cpp.cpp; name = "Rtt_RenderData.cpp"; path = "../../librtt/Renderer/Rtt_RenderData.cpp"; sourceTree = "<group>"; };
		5FB6657A6B390E19270A0EB5 /* Rtt_RenderData.h */ = {isa = PBXFileReference; lastKnownFileType = sourcecode.c.h; name = "Rtt_RenderData.h"; path = "../../librtt/Renderer/Rtt_RenderData.h"; sourceTree = "<group>"; };
		1F282FBE173A6DD368C11202 /* Rtt_RenderTypes.cpp */ = {isa = PBXFileReference; lastKnownFileType = sourcecode.cpp.cpp; name = "Rtt_RenderTypes.cpp"; path = "../../librtt/Renderer/Rtt_RenderTypes.cpp"; sourceTree = "<group>"; };
		06A163FA3FA255B84A646BFA /* Rtt_RenderTypes.h */ = {isa = PBXFileReference; lastKnownFileType = sourcecode.c.h; name = "Rtt_RenderTypes.h"; path = "../../librtt/Renderer/Rtt_RenderTypes.h"; sourceTree = "<group>"; };
		06DB4B582F471283124733FB /* Rtt_Renderer.cpp */ = {isa = PBXFileReference; lastKnownFileType = sourcecode.cpp.cpp; name = "Rtt_Renderer.cpp"; path = "../../librtt/Renderer/Rtt_Renderer.cpp"; sourceTree = "<group>"; };
		0E5F2D7849F123FE305B332E /* Rtt_Renderer.h */ = {isa = PBXFileReference; lastKnownFileType = sourcecode.c.h; name = "Rtt_Renderer.h"; path = "../../librtt/Renderer/Rtt_Renderer.h"; sourceTree = "<group>"; };
		3E3122903AA75A09364E46DE /* Rtt_Texture.cpp */ = {isa = PBXFileReference; lastKnownFileType = sourcecode.cpp.cpp; name = "Rtt_Texture.cpp"; path = "../../librtt/Renderer/Rtt_Texture.cpp"; sourceTree = "<group>"; };
		3C403A6215713F26122E3177 /* Rtt_Texture.h */ = {isa = PBXFileReference; lastKnownFileType = sourcecode.c.h; name = "Rtt_Texture.h"; path = "../../librtt/Renderer/Rtt_Texture.h"; sourceTree = "<group>"; };
		7C30622919093440768954CB /* Rtt_TextureBitmap.cpp */ = {isa = PBXFileReference; lastKnownFileType = sourcecode.cpp.cpp; name = "Rtt_TextureBitmap.cpp"; path = "../../librtt/Renderer/Rtt_TextureBitmap.cpp"; sourceTree = "<group>"; };
		3FC727E41CFB341D7DE02816 /* Rtt_TextureBitmap.h */ = {isa = PBXFileReference; lastKnownFileType = sourcecode.c.h; name = "Rtt_TextureBitmap.h"; path = "../../librtt/Renderer/Rtt_TextureBitmap.h"; sourceTree = "<group>"; };
		71DB649A70E433BD72E54809 /* Rtt_TextureVolatile.cpp */ = {isa = PBXFileReference; lastKnownFileType = sourcecode.cpp.cpp; name = "Rtt_TextureVolatile.cpp"; path = "../../librtt/Renderer/Rtt_TextureVolatile.cpp"; sourceTree = "<group>"; };
		1CF271EC6C144E4F50505347 /* Rtt_TextureVolatile.h */ = {isa = PBXFileReference; lastKnownFileType = sourcecode.c.h; name = "Rtt_TextureVolatile.h"; path = "../../librtt/Renderer/Rtt_TextureVolatile.h"; sourceTree = "<group>"; };
		0AC86CF621D962FF5B20371E /* Rtt_Uniform.cpp */ = {isa = PBXFileReference; lastKnownFileType = sourcecode.cpp.cpp; name = "Rtt_Uniform.cpp"; path = "../../librtt/Renderer/Rtt_Uniform.cpp"; sourceTree = "<group>"; };
		5B45113147C178681CCA4773 /* Rtt_Uniform.h */ = {isa = PBXFileReference; lastKnownFileType = sourcecode.c.h; name = "Rtt_Uniform.h"; path = "../../librtt/Renderer/Rtt_Uniform.h"; sourceTree = "<group>"; };
		7A2E01C62B25361346D83D20 /* Rtt_VideoTexture.cpp */ = {isa = PBXFileReference; lastKnownFileType = sourcecode.cpp.cpp; name = "Rtt_VideoTexture.cpp"; path = "../../librtt/Renderer/Rtt_VideoTexture.cpp"; sourceTree = "<group>"; };
		766E3C0867BB3CBE729948C2 /* Rtt_VideoTexture.h */ = {isa = PBXFileReference; lastKnownFileType = sourcecode.c.h; name = "Rtt_VideoTexture.h"; path = "../../librtt/Renderer/Rtt_VideoTexture.h"; sourceTree = "<group>"; };
		60DF6AD57A091ABE356D3064 /* libRenderer.a */ = {isa = PBXFileReference; explicitFileType = archive.ar; includeInIndex = 0; name = "libRenderer.a"; path = "libRenderer.a"; sourceTree = BUILT_PRODUCTS_DIR; };
/* End PBXFileReference section */

/* Begin PBXFrameworksBuildPhase section */
		37E934B239C56CB03C316A8D /* Frameworks */ = {
			isa = PBXFrameworksBuildPhase;
			buildActionMask = 2147483647;
			files = (
			);
			runOnlyForDeploymentPostprocessing = 0;
		};
/* End PBXFrameworksBuildPhase section */

/* Begin PBXGroup section */
		732B3C3B604C45BB01782E8C /* Renderer */ = {
			isa = PBXGroup;
			children = (
				1C9859E215A938D9429959D9 /* librtt */,
				5BFA346D16FE0DCD22CE0657 /* Products */,
			);
			name = "Renderer";
			sourceTree = "<group>";
		};
		1C9859E215A938D9429959D9 /* librtt */ = {
			isa = PBXGroup;
			children = (
				376304D75862479A62123026 /* Renderer */,
			);
			name = "librtt";
			sourceTree = "<group>";
		};
		376304D75862479A62123026 /* Renderer */ = {
			isa = PBXGroup;
			children = (
				31027EC778500D6E58A61ED6 /* Rtt_CPUResource.cpp */,
				376B7A3937635DF0792C5316 /* Rtt_CPUResource.h */,
				76223EEC7D4619B978D92C50 /* Rtt_CommandBuffer.cpp */,
				291F66EE409A455770DE2B03 /* Rtt_CommandBuffer.h */,
				700F0C6E125A7E1667570E60 /* Rtt_FrameBufferObject.cpp */,
				207D7D4D543A68702A2048D5 /* Rtt_FrameBufferObject.h */,
				353B48D73B8F3C4C4A9E6F02 /* Rtt_GL.cpp */,
				19FD4B082C532E25022B6E01 /* Rtt_GL.h */,
				380B0DFA523C7E0F2B1B2B3E /* Rtt_GLCommandBuffer.cpp */,
				545E0B384A261C85735B5EA6 /* Rtt_GLCommandBuffer.h */,
				0F80555B50375FDC6A340171 /* Rtt_GLFrameBufferObject.cpp */,
				6A813EF8417972DC65EC7990 /* Rtt_GLFrameBufferObject.h */,
				7C2B1A9D67D4144776A971E8 /* Rtt_GLGeometry.cpp */,
				009B72BA292E229503D7244F /* Rtt_GLGeometry.h */,
				6C1373C05F1857B149151CE6 /* Rtt_GLProgram.cpp */,
				5F0176F5000434002C317358 /* Rtt_GLProgram.h */,
				537D464E60731F2E31AD0EA2 /* Rtt_GLRenderer.cpp */,
				47F11FA86F391AC5171F338C /* Rtt_GLRenderer.h */,
				61DE4A53126763D13BEA2BB2 /* Rtt_GLTexture.cpp */,
				2C1721CD1E8D64F73A432FAD /* Rtt_GLTexture.h */,
				26040A7479135C5A239F4C89 /* Rtt_GPUResource.cpp */,
				39FC536F2755722D7C4454AD /* Rtt_GPUResource.h */,
				4DA326FA7E566A4C4CD20C1A /* Rtt_Geometry_Renderer.cpp */,
				5F20337349CC02113DD5097E /* Rtt_Geometry_Renderer.h */,
				4ACF68465C58537546570697 /* Rtt_GeometryPool.cpp */,
				5C712908515D50C20C7C391A /* Rtt_GeometryPool.h */,
				0D8F4CC8663543C816CE5FFC /* Rtt_HighPrecisionTime.cpp */,
				6C2307AE5213708B59A8277E /* Rtt_HighPrecisionTime.h */,
				47EB1ED32EA974EA685766C7 /* Rtt_MCPUResourceObserver.h */,
				13DF260C73D95A7C294F202A /* Rtt_Matrix_Renderer.cpp */,
				0910300054695BBE2C0E6899 /* Rtt_Matrix_Renderer.h */,
				20DB306E19DF1CC500244E77 /* Rtt_Program.cpp */,
				4F2D23ED5A6872FA31E416FB /* Rtt_Program.h */,
				79786EE06B0B555E16202D5A /* Rtt_ProgramFactory.cpp */,
				5D850553405131F9033C7B54 /* Rtt_ProgramFactory.h */,
				56A4428C1F0707E2341C4164 /* Rtt_RenderData.cpp */,
				5FB6657A6B390E19270A0EB5 /* Rtt_RenderData.h */,
				1F282FBE173A6DD368C11202 /* Rtt_RenderTypes.cpp */,
				06A163FA3FA255B84A646BFA /* Rtt_RenderTypes.h */,
				06DB4B582F471283124733FB /* Rtt_Renderer.cpp */,
				0E5F2D7849F123FE305B332E /* Rtt_Renderer.h */,
				3E3122903AA75A09364E46DE /* Rtt_Texture.cpp */,
				3C403A6215713F26122E3177 /* Rtt_Texture.h */,
				7C30622919093440768954CB /* Rtt_TextureBitmap.cpp */,
				3FC727E41CFB341D7DE02816 /* Rtt_TextureBitmap.h */,
				71DB649A70E433BD72E54809 /* Rtt_TextureVolatile.cpp */,
				1CF271EC6C144E4F50505347 /* Rtt_TextureVolatile.h */,
				0AC86CF621D962FF5B20371E /* Rtt_Uniform.cpp */,
				5B45113147C178681CCA4773 /* Rtt_Uniform.h */,
				7A2E01C62B25361346D83D20 /* Rtt_VideoTexture.cpp */,
				766E3C0867BB3CBE729948C2 /* Rtt_VideoTexture.h */,
			);
			name = "Renderer";
			sourceTree = "<group>";
		};
		5BFA346D16FE0DCD22CE0657 /* Products */ = {
			isa = PBXGroup;
			children = (
				60DF6AD57A091ABE356D3064 /* libRenderer.a */,
			);
			name = "Products";
			sourceTree = "<group>";
		};
/* End PBXGroup section */

/* Begin PBXNativeTarget section */
		1E0970095F9F64D632647F46 /* Renderer */ = {
			isa = PBXNativeTarget;
			buildConfigurationList = 4ED935AF7DF97C763259133A /* Build configuration list for PBXNativeTarget "Renderer" */;
			buildPhases = (
				76E978C44CDC236603E13405 /* Resources */,
				41250CF267C970E7532211AF /* Sources */,
				37E934B239C56CB03C316A8D /* Frameworks */,
			);
			buildRules = (
			);
			dependencies = (
			);
			name = "Renderer";
			productName = "Renderer";
			productReference = 60DF6AD57A091ABE356D3064 /* libRenderer.a */;
			productType = "com.apple.product-type.library.static";
		};
/* End PBXNativeTarget section */

/* Begin PBXProject section */
		08FB7793FE84155DC02AAC07 /* Project object */ = {
			isa = PBXProject;
			buildConfigurationList = 1DEB928908733DD80010E9CD /* Build configuration list for PBXProject "Renderer" */;
			compatibilityVersion = "Xcode 3.2";
			hasScannedForEncodings = 1;
			mainGroup = 732B3C3B604C45BB01782E8C /* Renderer */;
			projectDirPath = "";
			projectRoot = "";
			targets = (
				1E0970095F9F64D632647F46 /* libRenderer.a */,
			);
		};
/* End PBXProject section */

/* Begin PBXResourcesBuildPhase section */
		76E978C44CDC236603E13405 /* Resources */ = {
			isa = PBXResourcesBuildPhase;
			buildActionMask = 2147483647;
			files = (
			);
			runOnlyForDeploymentPostprocessing = 0;
		};
/* End PBXResourcesBuildPhase section */

/* Begin PBXSourcesBuildPhase section */
		41250CF267C970E7532211AF /* Sources */ = {
			isa = PBXSourcesBuildPhase;
			buildActionMask = 2147483647;
			files = (
				2FED10FF68B35F250E031A5A /* Rtt_CPUResource.cpp in Sources */,
				50FD3C627569756E2C966325 /* Rtt_CommandBuffer.cpp in Sources */,
				4EF7566C59B266DC00AA4D78 /* Rtt_FrameBufferObject.cpp in Sources */,
				2BC10D6246F70987346905BE /* Rtt_GL.cpp in Sources */,
				1B7F48A15DD8393E2716386E /* Rtt_GLCommandBuffer.cpp in Sources */,
				230E16EE674C54DE77630E79 /* Rtt_GLFrameBufferObject.cpp in Sources */,
				52197AF4498A37BF14FC4804 /* Rtt_GLGeometry.cpp in Sources */,
				49577E5A029C5B7F05667AA0 /* Rtt_GLProgram.cpp in Sources */,
				677964105C0578C03C691A8B /* Rtt_GLRenderer.cpp in Sources */,
				4EE32A4554323600714322E2 /* Rtt_GLTexture.cpp in Sources */,
				6D9712D624656E3316C779C8 /* Rtt_GPUResource.cpp in Sources */,
				1D7101570AB3210246F659B2 /* Rtt_Geometry_Renderer.cpp in Sources */,
				4B38536A0B84436814800EF0 /* Rtt_GeometryPool.cpp in Sources */,
				32E833EE78195EE323BC37E6 /* Rtt_HighPrecisionTime.cpp in Sources */,
				639A2A515B2F03913F837279 /* Rtt_Matrix_Renderer.cpp in Sources */,
				0B214A2C3106025F4B884FC7 /* Rtt_Program.cpp in Sources */,
				1BCC7735627860C4787F1698 /* Rtt_ProgramFactory.cpp in Sources */,
				3A635A7D6EF87F4B27183E0F /* Rtt_RenderData.cpp in Sources */,
				755B444B49A04F93679258C7 /* Rtt_RenderTypes.cpp in Sources */,
				61930B8F7B006F657DEE3E44 /* Rtt_Renderer.cpp in Sources */,
				2E7D21184ED87606352C041D /* Rtt_Texture.cpp in Sources */,
				6CE479AC20B621D07B0E59F8 /* Rtt_TextureBitmap.cpp in Sources */,
				5601653468540DBB27A14D47 /* Rtt_TextureVolatile.cpp in Sources */,
				2C3214C73B3F2ECF2465246E /* Rtt_Uniform.cpp in Sources */,
				0BCE110E3ECB2B87679E5941 /* Rtt_VideoTexture.cpp in Sources */,
			);
			runOnlyForDeploymentPostprocessing = 0;
		};
/* End PBXSourcesBuildPhase section */

/* Begin PBXVariantGroup section */
/* End PBXVariantGroup section */

/* Begin XCBuildConfiguration section */
		6CBB265719E804A71FEC7B7A /* Debug */ = {
			isa = XCBuildConfiguration;
			buildSettings = {
				ALWAYS_SEARCH_USER_PATHS = NO;
				CONFIGURATION_BUILD_DIR = ../../Build/xcode4/bin/Debug;
				GCC_DYNAMIC_NO_PIC = NO;
				GCC_MODEL_TUNING = G5;
				INSTALL_PATH = /usr/local/lib;
				PRODUCT_NAME = "Renderer";
			};
			name = "Debug";
		};
		330A74051BCA750A018F74B0 /* Release */ = {
			isa = XCBuildConfiguration;
			buildSettings = {
				ALWAYS_SEARCH_USER_PATHS = NO;
				DEBUG_INFORMATION_FORMAT = "dwarf-with-dsym";
				CONFIGURATION_BUILD_DIR = ../../Build/xcode4/bin/Release;
				GCC_DYNAMIC_NO_PIC = NO;
				GCC_MODEL_TUNING = G5;
				INSTALL_PATH = /usr/local/lib;
				PRODUCT_NAME = "Renderer";
			};
			name = "Release";
		};
		07B50A8342935006410D784F /* Debug */ = {
			isa = XCBuildConfiguration;
			buildSettings = {
				ARCHS = "$(NATIVE_ARCH_ACTUAL)";
				CONFIGURATION_BUILD_DIR = "$(SYMROOT)";
				CONFIGURATION_TEMP_DIR = "$(OBJROOT)";
				COPY_PHASE_STRIP = NO;
				GCC_C_LANGUAGE_STANDARD = gnu99;
				GCC_ENABLE_CPP_EXCEPTIONS = NO;
				GCC_ENABLE_CPP_RTTI = NO;
				GCC_ENABLE_OBJC_EXCEPTIONS = NO;
				GCC_OPTIMIZATION_LEVEL = 0;
				GCC_PREPROCESSOR_DEFINITIONS = (
					"Rtt_DEBUG",
					"LUA_USE_APICHECK",
					"Rtt_EMSCRIPTEN_ENV",
				);
				GCC_SYMBOLS_PRIVATE_EXTERN = NO;
				GCC_WARN_ABOUT_RETURN_TYPE = YES;
				GCC_WARN_UNUSED_VARIABLE = YES;
				HEADER_SEARCH_PATHS = (
					"../../librtt",
					"system/include",
				);
				OBJROOT = "obj/Debug/Renderer";
				ONLY_ACTIVE_ARCH = YES;
				SYMROOT = "../../Build/xcode4/bin/Debug";
			};
			name = "Debug";
		};
		6E263BCD4E52144216E67CAD /* Release */ = {
			isa = XCBuildConfiguration;
			buildSettings = {
				ARCHS = "$(NATIVE_ARCH_ACTUAL)";
				CONFIGURATION_BUILD_DIR = "$(SYMROOT)";
				CONFIGURATION_TEMP_DIR = "$(OBJROOT)";
				GCC_C_LANGUAGE_STANDARD = gnu99;
				GCC_ENABLE_CPP_EXCEPTIONS = NO;
				GCC_ENABLE_CPP_RTTI = NO;
				GCC_ENABLE_OBJC_EXCEPTIONS = NO;
				GCC_OPTIMIZATION_LEVEL = s;
				GCC_PREPROCESSOR_DEFINITIONS = (
					"NDEBUG",
					"Rtt_EMSCRIPTEN_ENV",
				);
				GCC_SYMBOLS_PRIVATE_EXTERN = NO;
				GCC_WARN_ABOUT_RETURN_TYPE = YES;
				GCC_WARN_UNUSED_VARIABLE = YES;
				HEADER_SEARCH_PATHS = (
					"../../librtt",
					"system/include",
				);
				OBJROOT = "obj/Release/Renderer";
				ONLY_ACTIVE_ARCH = NO;
				SYMROOT = "../../Build/xcode4/bin/Release";
			};
			name = "Release";
		};
/* End XCBuildConfiguration section */

/* Begin XCConfigurationList section */
		4ED935AF7DF97C763259133A /* Build configuration list for PBXNativeTarget "libRenderer.a" */ = {
			isa = XCConfigurationList;
			buildConfigurations = (
				6CBB265719E804A71FEC7B7A /* Debug */,
				330A74051BCA750A018F74B0 /* Release */,
			);
			defaultConfigurationIsVisible = 0;
			defaultConfigurationName = "Debug";
		};
		1DEB928908733DD80010E9CD /* Build configuration list for PBXProject "Renderer" */ = {
			isa = XCConfigurationList;
			buildConfigurations = (
				07B50A8342935006410D784F /* Debug */,
				6E263BCD4E52144216E67CAD /* Release */,
			);
			defaultConfigurationIsVisible = 0;
			defaultConfigurationName = "Debug";
		};
/* End XCConfigurationList section */

	};
	rootObject = 08FB7793FE84155DC02AAC07 /* Project object */;
}
