Microsoft Visual Studio Solution File, Format Version 12.00
# Visual Studio 2013
VisualStudioVersion = 12.0.40629.0
MinimumVisualStudioVersion = 10.0.40219.1
Project("{8BC9CEB8-8B4A-11D0-8D11-00A0C91BC942}") = "emscripten", "win32\rtt.vcxproj", "{49F4771E-92A6-45D2-816C-072A4EB23E28}"
EndProject
Project("{2150E333-8FDC-42A3-9474-1A3956D46DE8}") = "Build.Tools", "Build.Tools", "{3018FE52-B8E3-42F4-86C4-EC6637DD008D}"
	ProjectSection(SolutionItems) = preProject
		..\windows\Build.Tools\CoronaLabsInc.Sign.bat = ..\windows\Build.Tools\CoronaLabsInc.Sign.bat
		..\windows\Build.Tools\LuaToCppFile.bat = ..\windows\Build.Tools\LuaToCppFile.bat
		..\windows\Build.Tools\LuaToCppSchema.xml = ..\windows\Build.Tools\LuaToCppSchema.xml
		..\windows\Build.Tools\LuaToCppTask.targets = ..\windows\Build.Tools\LuaToCppTask.targets
		..\windows\Build.Tools\UpdateProjectFileVersion.vbs = ..\windows\Build.Tools\UpdateProjectFileVersion.vbs
	EndProjectSection
EndProject
Global
	GlobalSection(SolutionConfigurationPlatforms) = preSolution
		Debug|Emscripten = Debug|Emscripten
		Debug|Mixed Platforms = Debug|Mixed Platforms
		Debug|Win32 = Debug|Win32
		emscripten|Emscripten = emscripten|Emscripten
		emscripten|Mixed Platforms = emscripten|Mixed Platforms
		emscripten|Win32 = emscripten|Win32
		Release|Emscripten = Release|Emscripten
		Release|Mixed Platforms = Release|Mixed Platforms
		Release|Win32 = Release|Win32
	EndGlobalSection
	GlobalSection(ProjectConfigurationPlatforms) = postSolution
		{49F4771E-92A6-45D2-816C-072A4EB23E28}.Debug|Emscripten.ActiveCfg = Debug|Emscripten
		{49F4771E-92A6-45D2-816C-072A4EB23E28}.Debug|Emscripten.Build.0 = Debug|Emscripten
		{49F4771E-92A6-45D2-816C-072A4EB23E28}.Debug|Mixed Platforms.ActiveCfg = Debug|Win32
		{49F4771E-92A6-45D2-816C-072A4EB23E28}.Debug|Mixed Platforms.Build.0 = Debug|Win32
		{49F4771E-92A6-45D2-816C-072A4EB23E28}.Debug|Win32.ActiveCfg = Debug|Win32
		{49F4771E-92A6-45D2-816C-072A4EB23E28}.Debug|Win32.Build.0 = Debug|Win32
		{49F4771E-92A6-45D2-816C-072A4EB23E28}.emscripten|Emscripten.ActiveCfg = emscripten|Emscripten
		{49F4771E-92A6-45D2-816C-072A4EB23E28}.emscripten|Emscripten.Build.0 = emscripten|Emscripten
		{49F4771E-92A6-45D2-816C-072A4EB23E28}.emscripten|Mixed Platforms.ActiveCfg = emscripten|Win32
		{49F4771E-92A6-45D2-816C-072A4EB23E28}.emscripten|Mixed Platforms.Build.0 = emscripten|Win32
		{49F4771E-92A6-45D2-816C-072A4EB23E28}.emscripten|Win32.ActiveCfg = emscripten|Win32
		{49F4771E-92A6-45D2-816C-072A4EB23E28}.emscripten|Win32.Build.0 = emscripten|Win32
		{49F4771E-92A6-45D2-816C-072A4EB23E28}.Release|Emscripten.ActiveCfg = Release|Emscripten
		{49F4771E-92A6-45D2-816C-072A4EB23E28}.Release|Emscripten.Build.0 = Release|Emscripten
		{49F4771E-92A6-45D2-816C-072A4EB23E28}.Release|Mixed Platforms.ActiveCfg = Release|Win32
		{49F4771E-92A6-45D2-816C-072A4EB23E28}.Release|Mixed Platforms.Build.0 = Release|Win32
		{49F4771E-92A6-45D2-816C-072A4EB23E28}.Release|Win32.ActiveCfg = Release|Win32
		{49F4771E-92A6-45D2-816C-072A4EB23E28}.Release|Win32.Build.0 = Release|Win32
	EndGlobalSection
	GlobalSection(SolutionProperties) = preSolution
		HideSolutionNode = FALSE
	EndGlobalSection
EndGlobal
