// !$*UTF8*$!
{
	archiveVersion = 1;
	classes = {
	};
	objectVersion = 46;
	objects = {

/* Begin PBXBuildFile section */
		026B564D753D32A261F814B4 /* lbaselib.c in Sources */ = {isa = PBXBuildFile; fileRef = 09FE122D59E837CF0D955B92 /* lbaselib.c */; };
		04CC0586212B4886592C112C /* lvm.c in Sources */ = {isa = PBXBuildFile; fileRef = 590E5C18649F216F35807810 /* lvm.c */; };
		0A874CE14A0B4A8769307D50 /* lzio.c in Sources */ = {isa = PBXBuildFile; fileRef = 5068173E10B913F60A5D0F1E /* lzio.c */; };
		0BAC06400CF80A5B06C85AE3 /* lundump.c in Sources */ = {isa = PBXBuildFile; fileRef = 1F7E2412286B222F76542AEE /* lundump.c */; };
		0CC921AD212F157208876122 /* lparser.c in Sources */ = {isa = PBXBuildFile; fileRef = 425A3590398F082359BA4636 /* lparser.c */; };
		0F485B143DC81A3517A56EE6 /* ldump.c in Sources */ = {isa = PBXBuildFile; fileRef = 426A70DA78837BF52E057665 /* ldump.c */; };
		186538A44E290ED13CAE4E63 /* lapi.c in Sources */ = {isa = PBXBuildFile; fileRef = 14772CA65BE261006C79047A /* lapi.c */; };
		1E2C67ED78CC58216D9C55BF /* lstring.c in Sources */ = {isa = PBXBuildFile; fileRef = 4FC44F630A2F1C553BC12234 /* lstring.c */; };
		23D113BE337167D20C12214C /* lcode.c in Sources */ = {isa = PBXBuildFile; fileRef = 664839BB40166E3C5B0C732D /* lcode.c */; };
		28D5505D341D069218AB264F /* ldblib.c in Sources */ = {isa = PBXBuildFile; fileRef = 2C7B467553902D791E3332FF /* ldblib.c */; };
		2D81106C55204A634D06771C /* ltablib.c in Sources */ = {isa = PBXBuildFile; fileRef = 3917423D36B150C87DA1564A /* ltablib.c */; };
		34FB69636773336A06122E3C /* lauxlib.c in Sources */ = {isa = PBXBuildFile; fileRef = 3CC815F479E06C6A430E00FA /* lauxlib.c */; };
		377102A00CC37284651973AC /* lmem.c in Sources */ = {isa = PBXBuildFile; fileRef = 60ED28AB1D9415D21E5E3080 /* lmem.c */; };
		3C361D520D5609EE224A337C /* linit.c in Sources */ = {isa = PBXBuildFile; fileRef = 311F7BB475724470528C19D0 /* linit.c */; };
		46E3759528E30B3B08F27479 /* lstate.c in Sources */ = {isa = PBXBuildFile; fileRef = 34182EEB78CC36AC13711D76 /* lstate.c */; };
		4D1A27702B463BDF31523B9C /* liolib.c in Sources */ = {isa = PBXBuildFile; fileRef = 15375FF708547B3504F83904 /* liolib.c */; };
		609A30D922A9159E3B3E1485 /* llex.c in Sources */ = {isa = PBXBuildFile; fileRef = 074368966AAB1041246D2E11 /* llex.c */; };
		638F463C23877C844F7B303B /* loadlib.c in Sources */ = {isa = PBXBuildFile; fileRef = 1C23742814502FEF1B045993 /* loadlib.c */; };
		663C7D515C5627472E2A50C9 /* ltable.c in Sources */ = {isa = PBXBuildFile; fileRef = 015657EC6F6C374552496B31 /* ltable.c */; };
		66B43953294711031CF81AC6 /* lmathlib.c in Sources */ = {isa = PBXBuildFile; fileRef = 2C614B9E1D5E404A3DC210A3 /* lmathlib.c */; };
		6A9A606B335C63C6768008A3 /* ldo.c in Sources */ = {isa = PBXBuildFile; fileRef = 5CD215D9724124B2598358A3 /* ldo.c */; };
		6DDF7F724CFE52203F8336C9 /* luaconf.c in Sources */ = {isa = PBXBuildFile; fileRef = 76155FC071FB17E80D332883 /* luaconf.c */; };
		6E0A7F91149575BB5CB329CE /* ldebug.c in Sources */ = {isa = PBXBuildFile; fileRef = 29F46ACC182E255E64C9526E /* ldebug.c */; };
		6F446095673E49C013387809 /* ltm.c in Sources */ = {isa = PBXBuildFile; fileRef = 53543A661E1E7AFC6F2E7087 /* ltm.c */; };
		7A483A9A549F2D6A24555C01 /* lgc.c in Sources */ = {isa = PBXBuildFile; fileRef = 14611E9001DC304F20B81F7F /* lgc.c */; };
		7B0653B3148A318954E91B0D /* lstrlib.c in Sources */ = {isa = PBXBuildFile; fileRef = 47B225D1707F5C5023D4564B /* lstrlib.c */; };
		7B1122B870DE0AD47B0061E9 /* lopcodes.c in Sources */ = {isa = PBXBuildFile; fileRef = 7C4F29AF22105F385C0C558A /* lopcodes.c */; };
		7B5E01F06EF1485F680945F5 /* lfunc.c in Sources */ = {isa = PBXBuildFile; fileRef = 54487712786D5659023B1687 /* lfunc.c */; };
		7D6E665B013749867CD67FA3 /* loslib.c in Sources */ = {isa = PBXBuildFile; fileRef = 693A04245B93173D471E355F /* loslib.c */; };
		7E09394D25BF22032A391EC0 /* lobject.c in Sources */ = {isa = PBXBuildFile; fileRef = 13D1109D351A46B533B81C35 /* lobject.c */; };
/* End PBXBuildFile section */

/* Begin PBXFileReference section */
		00B440C75865012F449D43B3 /* lundump.h */ = {isa = PBXFileReference; lastKnownFileType = sourcecode.c.h; name = lundump.h; path = "../../external/lua-5.1.3/src/lundump.h"; sourceTree = "<group>"; };
		015657EC6F6C374552496B31 /* ltable.c */ = {isa = PBXFileReference; lastKnownFileType = sourcecode.c.c; name = ltable.c; path = "../../external/lua-5.1.3/src/ltable.c"; sourceTree = "<group>"; };
		0658175760DF0C5968173F83 /* lapi.h */ = {isa = PBXFileReference; lastKnownFileType = sourcecode.c.h; name = lapi.h; path = "../../external/lua-5.1.3/src/lapi.h"; sourceTree = "<group>"; };
		074368966AAB1041246D2E11 /* llex.c */ = {isa = PBXFileReference; lastKnownFileType = sourcecode.c.c; name = llex.c; path = "../../external/lua-5.1.3/src/llex.c"; sourceTree = "<group>"; };
		09FE122D59E837CF0D955B92 /* lbaselib.c */ = {isa = PBXFileReference; lastKnownFileType = sourcecode.c.c; name = lbaselib.c; path = "../../external/lua-5.1.3/src/lbaselib.c"; sourceTree = "<group>"; };
		0ABF419879B50397701B2A65 /* liblua.a */ = {isa = PBXFileReference; explicitFileType = archive.ar; includeInIndex = 0; path = liblua.a; sourceTree = BUILT_PRODUCTS_DIR; };
		0B9862D1271C5ADE5D7675B3 /* lopcodes.h */ = {isa = PBXFileReference; lastKnownFileType = sourcecode.c.h; name = lopcodes.h; path = "../../external/lua-5.1.3/src/lopcodes.h"; sourceTree = "<group>"; };
		1165121356D144972A8107C9 /* llimits.h */ = {isa = PBXFileReference; lastKnownFileType = sourcecode.c.h; name = llimits.h; path = "../../external/lua-5.1.3/src/llimits.h"; sourceTree = "<group>"; };
		13D1109D351A46B533B81C35 /* lobject.c */ = {isa = PBXFileReference; lastKnownFileType = sourcecode.c.c; name = lobject.c; path = "../../external/lua-5.1.3/src/lobject.c"; sourceTree = "<group>"; };
		14611E9001DC304F20B81F7F /* lgc.c */ = {isa = PBXFileReference; lastKnownFileType = sourcecode.c.c; name = lgc.c; path = "../../external/lua-5.1.3/src/lgc.c"; sourceTree = "<group>"; };
		14772CA65BE261006C79047A /* lapi.c */ = {isa = PBXFileReference; lastKnownFileType = sourcecode.c.c; name = lapi.c; path = "../../external/lua-5.1.3/src/lapi.c"; sourceTree = "<group>"; };
		15375FF708547B3504F83904 /* liolib.c */ = {isa = PBXFileReference; lastKnownFileType = sourcecode.c.c; name = liolib.c; path = "../../external/lua-5.1.3/src/liolib.c"; sourceTree = "<group>"; };
		163D3E642BC614867A941336 /* ldo.h */ = {isa = PBXFileReference; lastKnownFileType = sourcecode.c.h; name = ldo.h; path = "../../external/lua-5.1.3/src/ldo.h"; sourceTree = "<group>"; };
		1665571B3B11124460E901B7 /* lstring.h */ = {isa = PBXFileReference; lastKnownFileType = sourcecode.c.h; name = lstring.h; path = "../../external/lua-5.1.3/src/lstring.h"; sourceTree = "<group>"; };
		18206FF43D5E67EF2F614058 /* lobjectivec_exceptions.h */ = {isa = PBXFileReference; lastKnownFileType = sourcecode.c.h; name = lobjectivec_exceptions.h; path = "../../external/lua-5.1.3/src/lobjectivec_exceptions.h"; sourceTree = "<group>"; };
		18DF147F1FF549240C4E7FC1 /* lauxlib.h */ = {isa = PBXFileReference; lastKnownFileType = sourcecode.c.h; name = lauxlib.h; path = "../../external/lua-5.1.3/src/lauxlib.h"; sourceTree = "<group>"; };
		1BD40BCC384A0784743C23D6 /* ldebug.h */ = {isa = PBXFileReference; lastKnownFileType = sourcecode.c.h; name = ldebug.h; path = "../../external/lua-5.1.3/src/ldebug.h"; sourceTree = "<group>"; };
		1C23742814502FEF1B045993 /* loadlib.c */ = {isa = PBXFileReference; lastKnownFileType = sourcecode.c.c; name = loadlib.c; path = "../../external/lua-5.1.3/src/loadlib.c"; sourceTree = "<group>"; };
		1F7E2412286B222F76542AEE /* lundump.c */ = {isa = PBXFileReference; lastKnownFileType = sourcecode.c.c; name = lundump.c; path = "../../external/lua-5.1.3/src/lundump.c"; sourceTree = "<group>"; };
		20DA68A55D7D48EF7BCE5269 /* lcode.h */ = {isa = PBXFileReference; lastKnownFileType = sourcecode.c.h; name = lcode.h; path = "../../external/lua-5.1.3/src/lcode.h"; sourceTree = "<group>"; };
		21E6173C709D5DFF18C67E0E /* lzio.h */ = {isa = PBXFileReference; lastKnownFileType = sourcecode.c.h; name = lzio.h; path = "../../external/lua-5.1.3/src/lzio.h"; sourceTree = "<group>"; };
		29F46ACC182E255E64C9526E /* ldebug.c */ = {isa = PBXFileReference; lastKnownFileType = sourcecode.c.c; name = ldebug.c; path = "../../external/lua-5.1.3/src/ldebug.c"; sourceTree = "<group>"; };
		2C614B9E1D5E404A3DC210A3 /* lmathlib.c */ = {isa = PBXFileReference; lastKnownFileType = sourcecode.c.c; name = lmathlib.c; path = "../../external/lua-5.1.3/src/lmathlib.c"; sourceTree = "<group>"; };
		2C7B467553902D791E3332FF /* ldblib.c */ = {isa = PBXFileReference; lastKnownFileType = sourcecode.c.c; name = ldblib.c; path = "../../external/lua-5.1.3/src/ldblib.c"; sourceTree = "<group>"; };
		311F7BB475724470528C19D0 /* linit.c */ = {isa = PBXFileReference; lastKnownFileType = sourcecode.c.c; name = linit.c; path = "../../external/lua-5.1.3/src/linit.c"; sourceTree = "<group>"; };
		34182EEB78CC36AC13711D76 /* lstate.c */ = {isa = PBXFileReference; lastKnownFileType = sourcecode.c.c; name = lstate.c; path = "../../external/lua-5.1.3/src/lstate.c"; sourceTree = "<group>"; };
		36802B4A09D932B33FCC78F4 /* lmem.h */ = {isa = PBXFileReference; lastKnownFileType = sourcecode.c.h; name = lmem.h; path = "../../external/lua-5.1.3/src/lmem.h"; sourceTree = "<group>"; };
		3916540662BC5836605513E5 /* lua.h */ = {isa = PBXFileReference; lastKnownFileType = sourcecode.c.h; name = lua.h; path = "../../external/lua-5.1.3/src/lua.h"; sourceTree = "<group>"; };
		3917423D36B150C87DA1564A /* ltablib.c */ = {isa = PBXFileReference; lastKnownFileType = sourcecode.c.c; name = ltablib.c; path = "../../external/lua-5.1.3/src/ltablib.c"; sourceTree = "<group>"; };
		3A1820FF6B000A421E7C068B /* lparser.h */ = {isa = PBXFileReference; lastKnownFileType = sourcecode.c.h; name = lparser.h; path = "../../external/lua-5.1.3/src/lparser.h"; sourceTree = "<group>"; };
		3CC815F479E06C6A430E00FA /* lauxlib.c */ = {isa = PBXFileReference; lastKnownFileType = sourcecode.c.c; name = lauxlib.c; path = "../../external/lua-5.1.3/src/lauxlib.c"; sourceTree = "<group>"; };
		3ED51F2D7C0D51155F442954 /* lstate.h */ = {isa = PBXFileReference; lastKnownFileType = sourcecode.c.h; name = lstate.h; path = "../../external/lua-5.1.3/src/lstate.h"; sourceTree = "<group>"; };
		425A3590398F082359BA4636 /* lparser.c */ = {isa = PBXFileReference; lastKnownFileType = sourcecode.c.c; name = lparser.c; path = "../../external/lua-5.1.3/src/lparser.c"; sourceTree = "<group>"; };
		426A70DA78837BF52E057665 /* ldump.c */ = {isa = PBXFileReference; lastKnownFileType = sourcecode.c.c; name = ldump.c; path = "../../external/lua-5.1.3/src/ldump.c"; sourceTree = "<group>"; };
		468A372563AC437200D52171 /* ltm.h */ = {isa = PBXFileReference; lastKnownFileType = sourcecode.c.h; name = ltm.h; path = "../../external/lua-5.1.3/src/ltm.h"; sourceTree = "<group>"; };
		47B225D1707F5C5023D4564B /* lstrlib.c */ = {isa = PBXFileReference; lastKnownFileType = sourcecode.c.c; name = lstrlib.c; path = "../../external/lua-5.1.3/src/lstrlib.c"; sourceTree = "<group>"; };
		4CF63901233065066D2138B1 /* llex.h */ = {isa = PBXFileReference; lastKnownFileType = sourcecode.c.h; name = llex.h; path = "../../external/lua-5.1.3/src/llex.h"; sourceTree = "<group>"; };
		4FC44F630A2F1C553BC12234 /* lstring.c */ = {isa = PBXFileReference; lastKnownFileType = sourcecode.c.c; name = lstring.c; path = "../../external/lua-5.1.3/src/lstring.c"; sourceTree = "<group>"; };
		5068173E10B913F60A5D0F1E /* lzio.c */ = {isa = PBXFileReference; lastKnownFileType = sourcecode.c.c; name = lzio.c; path = "../../external/lua-5.1.3/src/lzio.c"; sourceTree = "<group>"; };
		519C6000216457D44DD62F0F /* ltable.h */ = {isa = PBXFileReference; lastKnownFileType = sourcecode.c.h; name = ltable.h; path = "../../external/lua-5.1.3/src/ltable.h"; sourceTree = "<group>"; };
		53543A661E1E7AFC6F2E7087 /* ltm.c */ = {isa = PBXFileReference; lastKnownFileType = sourcecode.c.c; name = ltm.c; path = "../../external/lua-5.1.3/src/ltm.c"; sourceTree = "<group>"; };
		54487712786D5659023B1687 /* lfunc.c */ = {isa = PBXFileReference; lastKnownFileType = sourcecode.c.c; name = lfunc.c; path = "../../external/lua-5.1.3/src/lfunc.c"; sourceTree = "<group>"; };
		590E5C18649F216F35807810 /* lvm.c */ = {isa = PBXFileReference; lastKnownFileType = sourcecode.c.c; name = lvm.c; path = "../../external/lua-5.1.3/src/lvm.c"; sourceTree = "<group>"; };
		5AB019742A305C9F730D7D3E /* lgc.h */ = {isa = PBXFileReference; lastKnownFileType = sourcecode.c.h; name = lgc.h; path = "../../external/lua-5.1.3/src/lgc.h"; sourceTree = "<group>"; };
		5CD215D9724124B2598358A3 /* ldo.c */ = {isa = PBXFileReference; lastKnownFileType = sourcecode.c.c; name = ldo.c; path = "../../external/lua-5.1.3/src/ldo.c"; sourceTree = "<group>"; };
		60ED28AB1D9415D21E5E3080 /* lmem.c */ = {isa = PBXFileReference; lastKnownFileType = sourcecode.c.c; name = lmem.c; path = "../../external/lua-5.1.3/src/lmem.c"; sourceTree = "<group>"; };
		664839BB40166E3C5B0C732D /* lcode.c */ = {isa = PBXFileReference; lastKnownFileType = sourcecode.c.c; name = lcode.c; path = "../../external/lua-5.1.3/src/lcode.c"; sourceTree = "<group>"; };
		68B41C0F21E164CD53BE6EF1 /* lualib.h */ = {isa = PBXFileReference; lastKnownFileType = sourcecode.c.h; name = lualib.h; path = "../../external/lua-5.1.3/src/lualib.h"; sourceTree = "<group>"; };
		693A04245B93173D471E355F /* loslib.c */ = {isa = PBXFileReference; lastKnownFileType = sourcecode.c.c; name = loslib.c; path = "../../external/lua-5.1.3/src/loslib.c"; sourceTree = "<group>"; };
		70F76A8A1AD008FC11E615DF /* lobject.h */ = {isa = PBXFileReference; lastKnownFileType = sourcecode.c.h; name = lobject.h; path = "../../external/lua-5.1.3/src/lobject.h"; sourceTree = "<group>"; };
		757C53C069B974BB44B96D0A /* luaconf.h */ = {isa = PBXFileReference; lastKnownFileType = sourcecode.c.h; name = luaconf.h; path = "../../external/lua-5.1.3/src/luaconf.h"; sourceTree = "<group>"; };
		76155FC071FB17E80D332883 /* luaconf.c */ = {isa = PBXFileReference; lastKnownFileType = sourcecode.c.c; name = luaconf.c; path = "../../external/lua-5.1.3/src/luaconf.c"; sourceTree = "<group>"; };
		78E1031D178B659C66B83C38 /* lfunc.h */ = {isa = PBXFileReference; lastKnownFileType = sourcecode.c.h; name = lfunc.h; path = "../../external/lua-5.1.3/src/lfunc.h"; sourceTree = "<group>"; };
		7C4F29AF22105F385C0C558A /* lopcodes.c */ = {isa = PBXFileReference; lastKnownFileType = sourcecode.c.c; name = lopcodes.c; path = "../../external/lua-5.1.3/src/lopcodes.c"; sourceTree = "<group>"; };
		7DCF322345BC511555FA16D4 /* lvm.h */ = {isa = PBXFileReference; lastKnownFileType = sourcecode.c.h; name = lvm.h; path = "../../external/lua-5.1.3/src/lvm.h"; sourceTree = "<group>"; };
/* End PBXFileReference section */

/* Begin PBXFrameworksBuildPhase section */
		135D42041BCE124979A81B94 /* Frameworks */ = {
			isa = PBXFrameworksBuildPhase;
			buildActionMask = 2147483647;
			files = (
			);
			runOnlyForDeploymentPostprocessing = 0;
		};
/* End PBXFrameworksBuildPhase section */

/* Begin PBXGroup section */
		024C5DD4310414AA3F030242 /* external */ = {
			isa = PBXGroup;
			children = (
				3BBB2BCE6A1A735B70633235 /* lua-5.1.3 */,
			);
			name = external;
			sourceTree = "<group>";
		};
		2E6A33BE0277547B63A91B5B /* lua */ = {
			isa = PBXGroup;
			children = (
				024C5DD4310414AA3F030242 /* external */,
				7AE96559440A7F031E307100 /* Products */,
			);
			name = lua;
			sourceTree = "<group>";
		};
		3BBB2BCE6A1A735B70633235 /* lua-5.1.3 */ = {
			isa = PBXGroup;
			children = (
				7683339C7EDD145909E54E1E /* src */,
			);
			name = "lua-5.1.3";
			sourceTree = "<group>";
		};
		7683339C7EDD145909E54E1E /* src */ = {
			isa = PBXGroup;
			children = (
				14772CA65BE261006C79047A /* lapi.c */,
				0658175760DF0C5968173F83 /* lapi.h */,
				3CC815F479E06C6A430E00FA /* lauxlib.c */,
				18DF147F1FF549240C4E7FC1 /* lauxlib.h */,
				09FE122D59E837CF0D955B92 /* lbaselib.c */,
				664839BB40166E3C5B0C732D /* lcode.c */,
				20DA68A55D7D48EF7BCE5269 /* lcode.h */,
				2C7B467553902D791E3332FF /* ldblib.c */,
				29F46ACC182E255E64C9526E /* ldebug.c */,
				1BD40BCC384A0784743C23D6 /* ldebug.h */,
				5CD215D9724124B2598358A3 /* ldo.c */,
				163D3E642BC614867A941336 /* ldo.h */,
				426A70DA78837BF52E057665 /* ldump.c */,
				54487712786D5659023B1687 /* lfunc.c */,
				78E1031D178B659C66B83C38 /* lfunc.h */,
				14611E9001DC304F20B81F7F /* lgc.c */,
				5AB019742A305C9F730D7D3E /* lgc.h */,
				311F7BB475724470528C19D0 /* linit.c */,
				15375FF708547B3504F83904 /* liolib.c */,
				074368966AAB1041246D2E11 /* llex.c */,
				4CF63901233065066D2138B1 /* llex.h */,
				1165121356D144972A8107C9 /* llimits.h */,
				2C614B9E1D5E404A3DC210A3 /* lmathlib.c */,
				60ED28AB1D9415D21E5E3080 /* lmem.c */,
				36802B4A09D932B33FCC78F4 /* lmem.h */,
				1C23742814502FEF1B045993 /* loadlib.c */,
				13D1109D351A46B533B81C35 /* lobject.c */,
				70F76A8A1AD008FC11E615DF /* lobject.h */,
				18206FF43D5E67EF2F614058 /* lobjectivec_exceptions.h */,
				7C4F29AF22105F385C0C558A /* lopcodes.c */,
				0B9862D1271C5ADE5D7675B3 /* lopcodes.h */,
				693A04245B93173D471E355F /* loslib.c */,
				425A3590398F082359BA4636 /* lparser.c */,
				3A1820FF6B000A421E7C068B /* lparser.h */,
				34182EEB78CC36AC13711D76 /* lstate.c */,
				3ED51F2D7C0D51155F442954 /* lstate.h */,
				4FC44F630A2F1C553BC12234 /* lstring.c */,
				1665571B3B11124460E901B7 /* lstring.h */,
				47B225D1707F5C5023D4564B /* lstrlib.c */,
				015657EC6F6C374552496B31 /* ltable.c */,
				519C6000216457D44DD62F0F /* ltable.h */,
				3917423D36B150C87DA1564A /* ltablib.c */,
				53543A661E1E7AFC6F2E7087 /* ltm.c */,
				468A372563AC437200D52171 /* ltm.h */,
				3916540662BC5836605513E5 /* lua.h */,
				76155FC071FB17E80D332883 /* luaconf.c */,
				757C53C069B974BB44B96D0A /* luaconf.h */,
				68B41C0F21E164CD53BE6EF1 /* lualib.h */,
				1F7E2412286B222F76542AEE /* lundump.c */,
				00B440C75865012F449D43B3 /* lundump.h */,
				590E5C18649F216F35807810 /* lvm.c */,
				7DCF322345BC511555FA16D4 /* lvm.h */,
				5068173E10B913F60A5D0F1E /* lzio.c */,
				21E6173C709D5DFF18C67E0E /* lzio.h */,
			);
			name = src;
			sourceTree = "<group>";
		};
		7AE96559440A7F031E307100 /* Products */ = {
			isa = PBXGroup;
			children = (
				0ABF419879B50397701B2A65 /* liblua.a */,
			);
			name = Products;
			sourceTree = "<group>";
		};
/* End PBXGroup section */

/* Begin PBXNativeTarget section */
		0C1E36A333C77E403760204E /* lua */ = {
			isa = PBXNativeTarget;
			buildConfigurationList = 728873672CDB1250437F07FA /* Build configuration list for PBXNativeTarget "lua" */;
			buildPhases = (
				3F8C33FA7CCA5D9624CD2FD7 /* Resources */,
				77CC0C7B182615CF7B3C404F /* Sources */,
				135D42041BCE124979A81B94 /* Frameworks */,
			);
			buildRules = (
			);
			dependencies = (
			);
			name = lua;
			productName = lua;
			productReference = 0ABF419879B50397701B2A65 /* liblua.a */;
			productType = "com.apple.product-type.library.static";
		};
/* End PBXNativeTarget section */

/* Begin PBXProject section */
		08FB7793FE84155DC02AAC07 /* Project object */ = {
			isa = PBXProject;
			attributes = {
			};
			buildConfigurationList = 1DEB928908733DD80010E9CD /* Build configuration list for PBXProject "lua" */;
			compatibilityVersion = "Xcode 3.2";
			developmentRegion = English;
			hasScannedForEncodings = 1;
			knownRegions = (
				en,
			);
			mainGroup = 2E6A33BE0277547B63A91B5B /* lua */;
			projectDirPath = "";
			projectRoot = "";
			targets = (
				0C1E36A333C77E403760204E /* lua */,
			);
		};
/* End PBXProject section */

/* Begin PBXResourcesBuildPhase section */
		3F8C33FA7CCA5D9624CD2FD7 /* Resources */ = {
			isa = PBXResourcesBuildPhase;
			buildActionMask = 2147483647;
			files = (
			);
			runOnlyForDeploymentPostprocessing = 0;
		};
/* End PBXResourcesBuildPhase section */

/* Begin PBXSourcesBuildPhase section */
		77CC0C7B182615CF7B3C404F /* Sources */ = {
			isa = PBXSourcesBuildPhase;
			buildActionMask = 2147483647;
			files = (
				186538A44E290ED13CAE4E63 /* lapi.c in Sources */,
				34FB69636773336A06122E3C /* lauxlib.c in Sources */,
				026B564D753D32A261F814B4 /* lbaselib.c in Sources */,
				23D113BE337167D20C12214C /* lcode.c in Sources */,
				28D5505D341D069218AB264F /* ldblib.c in Sources */,
				6E0A7F91149575BB5CB329CE /* ldebug.c in Sources */,
				6A9A606B335C63C6768008A3 /* ldo.c in Sources */,
				0F485B143DC81A3517A56EE6 /* ldump.c in Sources */,
				7B5E01F06EF1485F680945F5 /* lfunc.c in Sources */,
				7A483A9A549F2D6A24555C01 /* lgc.c in Sources */,
				3C361D520D5609EE224A337C /* linit.c in Sources */,
				4D1A27702B463BDF31523B9C /* liolib.c in Sources */,
				609A30D922A9159E3B3E1485 /* llex.c in Sources */,
				66B43953294711031CF81AC6 /* lmathlib.c in Sources */,
				377102A00CC37284651973AC /* lmem.c in Sources */,
				638F463C23877C844F7B303B /* loadlib.c in Sources */,
				7E09394D25BF22032A391EC0 /* lobject.c in Sources */,
				7B1122B870DE0AD47B0061E9 /* lopcodes.c in Sources */,
				7D6E665B013749867CD67FA3 /* loslib.c in Sources */,
				0CC921AD212F157208876122 /* lparser.c in Sources */,
				46E3759528E30B3B08F27479 /* lstate.c in Sources */,
				1E2C67ED78CC58216D9C55BF /* lstring.c in Sources */,
				7B0653B3148A318954E91B0D /* lstrlib.c in Sources */,
				663C7D515C5627472E2A50C9 /* ltable.c in Sources */,
				2D81106C55204A634D06771C /* ltablib.c in Sources */,
				6F446095673E49C013387809 /* ltm.c in Sources */,
				6DDF7F724CFE52203F8336C9 /* luaconf.c in Sources */,
				0BAC06400CF80A5B06C85AE3 /* lundump.c in Sources */,
				04CC0586212B4886592C112C /* lvm.c in Sources */,
				0A874CE14A0B4A8769307D50 /* lzio.c in Sources */,
			);
			runOnlyForDeploymentPostprocessing = 0;
		};
/* End PBXSourcesBuildPhase section */

/* Begin XCBuildConfiguration section */
		14C52D6E4E8124516D650F06 /* Debug */ = {
			isa = XCBuildConfiguration;
			buildSettings = {
				ARCHS = "$(NATIVE_ARCH_ACTUAL)";
				CONFIGURATION_BUILD_DIR = "$(SYMROOT)";
				CONFIGURATION_TEMP_DIR = "$(OBJROOT)";
				COPY_PHASE_STRIP = NO;
				GCC_C_LANGUAGE_STANDARD = gnu99;
				GCC_ENABLE_CPP_EXCEPTIONS = NO;
				GCC_ENABLE_CPP_RTTI = NO;
				GCC_ENABLE_OBJC_EXCEPTIONS = NO;
				GCC_OPTIMIZATION_LEVEL = 0;
				GCC_PREPROCESSOR_DEFINITIONS = (
					Rtt_DEBUG,
					LUA_USE_APICHECK,
					LUA_USE_DLOPEN,
				);
				GCC_SYMBOLS_PRIVATE_EXTERN = NO;
				GCC_WARN_ABOUT_RETURN_TYPE = YES;
				GCC_WARN_UNUSED_VARIABLE = YES;
				HEADER_SEARCH_PATHS = "../../external/lua-5.1.3/src";
				OBJROOT = obj/Debug/lua;
				ONLY_ACTIVE_ARCH = YES;
				SYMROOT = ../../Build/xcode4/bin/Debug;
			};
			name = Debug;
		};
		325B1C4129A5357007856BEB /* Release */ = {
			isa = XCBuildConfiguration;
			buildSettings = {
				ARCHS = "$(NATIVE_ARCH_ACTUAL)";
				CONFIGURATION_BUILD_DIR = "$(SYMROOT)";
				CONFIGURATION_TEMP_DIR = "$(OBJROOT)";
				GCC_C_LANGUAGE_STANDARD = gnu99;
				GCC_ENABLE_CPP_EXCEPTIONS = NO;
				GCC_ENABLE_CPP_RTTI = NO;
				GCC_ENABLE_OBJC_EXCEPTIONS = NO;
				GCC_OPTIMIZATION_LEVEL = s;
				GCC_PREPROCESSOR_DEFINITIONS = (
					NDEBUG,
					LUA_USE_DLOPEN,
				);
				GCC_SYMBOLS_PRIVATE_EXTERN = NO;
				GCC_WARN_ABOUT_RETURN_TYPE = YES;
				GCC_WARN_UNUSED_VARIABLE = YES;
				HEADER_SEARCH_PATHS = "../../external/lua-5.1.3/src";
				OBJROOT = obj/Release/lua;
				ONLY_ACTIVE_ARCH = NO;
				SYMROOT = ../../Build/xcode4/bin/Release;
			};
			name = Release;
		};
		3DC369130B80054935172DBF /* Debug */ = {
			isa = XCBuildConfiguration;
			buildSettings = {
				ALWAYS_SEARCH_USER_PATHS = NO;
				CONFIGURATION_BUILD_DIR = ../../Build/xcode4/bin/Debug;
				GCC_DYNAMIC_NO_PIC = NO;
				GCC_MODEL_TUNING = G5;
				INSTALL_PATH = /usr/local/lib;
				PRODUCT_NAME = lua;
			};
			name = Debug;
		};
		6AC06A523F2F556447FF5114 /* Release */ = {
			isa = XCBuildConfiguration;
			buildSettings = {
				ALWAYS_SEARCH_USER_PATHS = NO;
				CONFIGURATION_BUILD_DIR = ../../Build/xcode4/bin/Release;
				DEBUG_INFORMATION_FORMAT = "dwarf-with-dsym";
				GCC_DYNAMIC_NO_PIC = NO;
				GCC_MODEL_TUNING = G5;
				INSTALL_PATH = /usr/local/lib;
				PRODUCT_NAME = lua;
			};
			name = Release;
		};
/* End XCBuildConfiguration section */

/* Begin XCConfigurationList section */
		1DEB928908733DD80010E9CD /* Build configuration list for PBXProject "lua" */ = {
			isa = XCConfigurationList;
			buildConfigurations = (
				14C52D6E4E8124516D650F06 /* Debug */,
				325B1C4129A5357007856BEB /* Release */,
			);
			defaultConfigurationIsVisible = 0;
			defaultConfigurationName = Debug;
		};
		728873672CDB1250437F07FA /* Build configuration list for PBXNativeTarget "lua" */ = {
			isa = XCConfigurationList;
			buildConfigurations = (
				3DC369130B80054935172DBF /* Debug */,
				6AC06A523F2F556447FF5114 /* Release */,
			);
			defaultConfigurationIsVisible = 0;
			defaultConfigurationName = Debug;
		};
/* End XCConfigurationList section */
	};
	rootObject = 08FB7793FE84155DC02AAC07 /* Project object */;
}
